
Microsoft Visual Studio Solution File, Format Version 12.00
# Visual Studio 2013
VisualStudioVersion = 12.0.31101.0
MinimumVisualStudioVersion = 10.0.40219.1
Project("{FAE04EC0-301F-11D3-BF4B-00C04F79EFBC}") = "VillageMelter", "VillageMelter\VillageMelter.csproj", "{27B4E97B-0C8B-4AC4-9BD7-FF052BFE6D59}"
EndProject
Project("{FAE04EC0-301F-11D3-BF4B-00C04F79EFBC}") = "VillageMelterContent", "VillageMelterContent\VillageMelterContent\VillageMelterContent.csproj", "{23A73885-E7CA-48DC-AA2C-EB088E262BF5}"
EndProject
Project("{96E2B04D-8817-42C6-938A-82C39BA4D311}") = "VillageMelterContentContent", "VillageMelterContent\VillageMelterContentContent\VillageMelterContentContent.contentproj", "{86C65215-A50B-4CD0-8282-3BCAF876BC87}"
EndProject
Global
	GlobalSection(SolutionConfigurationPlatforms) = preSolution
		Android|Any CPU = Android|Any CPU
		Android|Mixed Platforms = Android|Mixed Platforms
		Android|x86 = Android|x86
		Debug|Any CPU = Debug|Any CPU
		Debug|Mixed Platforms = Debug|Mixed Platforms
		Debug|x86 = Debug|x86
		iOS|Any CPU = iOS|Any CPU
		iOS|Mixed Platforms = iOS|Mixed Platforms
		iOS|x86 = iOS|x86
		Linux|Any CPU = Linux|Any CPU
		Linux|Mixed Platforms = Linux|Mixed Platforms
		Linux|x86 = Linux|x86
		OSX|Any CPU = OSX|Any CPU
		OSX|Mixed Platforms = OSX|Mixed Platforms
		OSX|x86 = OSX|x86
		PSM|Any CPU = PSM|Any CPU
		PSM|Mixed Platforms = PSM|Mixed Platforms
		PSM|x86 = PSM|x86
		Release|Any CPU = Release|Any CPU
		Release|Mixed Platforms = Release|Mixed Platforms
		Release|x86 = Release|x86
		Windows|Any CPU = Windows|Any CPU
		Windows|Mixed Platforms = Windows|Mixed Platforms
		Windows|x86 = Windows|x86
		Windows8|Any CPU = Windows8|Any CPU
		Windows8|Mixed Platforms = Windows8|Mixed Platforms
		Windows8|x86 = Windows8|x86
	EndGlobalSection
	GlobalSection(ProjectConfigurationPlatforms) = postSolution
		{27B4E97B-0C8B-4AC4-9BD7-FF052BFE6D59}.Android|Any CPU.ActiveCfg = Release|x86
		{27B4E97B-0C8B-4AC4-9BD7-FF052BFE6D59}.Android|Mixed Platforms.ActiveCfg = Release|x86
		{27B4E97B-0C8B-4AC4-9BD7-FF052BFE6D59}.Android|Mixed Platforms.Build.0 = Release|x86
		{27B4E97B-0C8B-4AC4-9BD7-FF052BFE6D59}.Android|x86.ActiveCfg = Release|x86
		{27B4E97B-0C8B-4AC4-9BD7-FF052BFE6D59}.Android|x86.Build.0 = Release|x86
		{27B4E97B-0C8B-4AC4-9BD7-FF052BFE6D59}.Debug|Any CPU.ActiveCfg = Debug|x86
		{27B4E97B-0C8B-4AC4-9BD7-FF052BFE6D59}.Debug|Mixed Platforms.ActiveCfg = Debug|x86
		{27B4E97B-0C8B-4AC4-9BD7-FF052BFE6D59}.Debug|Mixed Platforms.Build.0 = Debug|x86
		{27B4E97B-0C8B-4AC4-9BD7-FF052BFE6D59}.Debug|x86.ActiveCfg = Debug|x86
		{27B4E97B-0C8B-4AC4-9BD7-FF052BFE6D59}.Debug|x86.Build.0 = Debug|x86
		{27B4E97B-0C8B-4AC4-9BD7-FF052BFE6D59}.iOS|Any CPU.ActiveCfg = Release|x86
		{27B4E97B-0C8B-4AC4-9BD7-FF052BFE6D59}.iOS|Mixed Platforms.ActiveCfg = Release|x86
		{27B4E97B-0C8B-4AC4-9BD7-FF052BFE6D59}.iOS|Mixed Platforms.Build.0 = Release|x86
		{27B4E97B-0C8B-4AC4-9BD7-FF052BFE6D59}.iOS|x86.ActiveCfg = Release|x86
		{27B4E97B-0C8B-4AC4-9BD7-FF052BFE6D59}.iOS|x86.Build.0 = Release|x86
		{27B4E97B-0C8B-4AC4-9BD7-FF052BFE6D59}.Linux|Any CPU.ActiveCfg = Release|x86
		{27B4E97B-0C8B-4AC4-9BD7-FF052BFE6D59}.Linux|Mixed Platforms.ActiveCfg = Release|x86
		{27B4E97B-0C8B-4AC4-9BD7-FF052BFE6D59}.Linux|Mixed Platforms.Build.0 = Release|x86
		{27B4E97B-0C8B-4AC4-9BD7-FF052BFE6D59}.Linux|x86.ActiveCfg = Release|x86
		{27B4E97B-0C8B-4AC4-9BD7-FF052BFE6D59}.Linux|x86.Build.0 = Release|x86
		{27B4E97B-0C8B-4AC4-9BD7-FF052BFE6D59}.OSX|Any CPU.ActiveCfg = Release|x86
		{27B4E97B-0C8B-4AC4-9BD7-FF052BFE6D59}.OSX|Mixed Platforms.ActiveCfg = Release|x86
		{27B4E97B-0C8B-4AC4-9BD7-FF052BFE6D59}.OSX|Mixed Platforms.Build.0 = Release|x86
		{27B4E97B-0C8B-4AC4-9BD7-FF052BFE6D59}.OSX|x86.ActiveCfg = Release|x86
		{27B4E97B-0C8B-4AC4-9BD7-FF052BFE6D59}.OSX|x86.Build.0 = Release|x86
		{27B4E97B-0C8B-4AC4-9BD7-FF052BFE6D59}.PSM|Any CPU.ActiveCfg = Release|x86
		{27B4E97B-0C8B-4AC4-9BD7-FF052BFE6D59}.PSM|Mixed Platforms.ActiveCfg = Release|x86
		{27B4E97B-0C8B-4AC4-9BD7-FF052BFE6D59}.PSM|Mixed Platforms.Build.0 = Release|x86
		{27B4E97B-0C8B-4AC4-9BD7-FF052BFE6D59}.PSM|x86.ActiveCfg = Release|x86
		{27B4E97B-0C8B-4AC4-9BD7-FF052BFE6D59}.PSM|x86.Build.0 = Release|x86
		{27B4E97B-0C8B-4AC4-9BD7-FF052BFE6D59}.Release|Any CPU.ActiveCfg = Release|x86
		{27B4E97B-0C8B-4AC4-9BD7-FF052BFE6D59}.Release|Mixed Platforms.ActiveCfg = Release|x86
		{27B4E97B-0C8B-4AC4-9BD7-FF052BFE6D59}.Release|Mixed Platforms.Build.0 = Release|x86
		{27B4E97B-0C8B-4AC4-9BD7-FF052BFE6D59}.Release|x86.ActiveCfg = Release|x86
		{27B4E97B-0C8B-4AC4-9BD7-FF052BFE6D59}.Release|x86.Build.0 = Release|x86
		{27B4E97B-0C8B-4AC4-9BD7-FF052BFE6D59}.Windows|Any CPU.ActiveCfg = Release|x86
		{27B4E97B-0C8B-4AC4-9BD7-FF052BFE6D59}.Windows|Mixed Platforms.ActiveCfg = Release|x86
		{27B4E97B-0C8B-4AC4-9BD7-FF052BFE6D59}.Windows|Mixed Platforms.Build.0 = Release|x86
		{27B4E97B-0C8B-4AC4-9BD7-FF052BFE6D59}.Windows|x86.ActiveCfg = Release|x86
		{27B4E97B-0C8B-4AC4-9BD7-FF052BFE6D59}.Windows|x86.Build.0 = Release|x86
		{27B4E97B-0C8B-4AC4-9BD7-FF052BFE6D59}.Windows8|Any CPU.ActiveCfg = Release|x86
		{27B4E97B-0C8B-4AC4-9BD7-FF052BFE6D59}.Windows8|Mixed Platforms.ActiveCfg = Release|x86
		{27B4E97B-0C8B-4AC4-9BD7-FF052BFE6D59}.Windows8|Mixed Platforms.Build.0 = Release|x86
		{27B4E97B-0C8B-4AC4-9BD7-FF052BFE6D59}.Windows8|x86.ActiveCfg = Release|x86
		{27B4E97B-0C8B-4AC4-9BD7-FF052BFE6D59}.Windows8|x86.Build.0 = Release|x86
		{23A73885-E7CA-48DC-AA2C-EB088E262BF5}.Android|Any CPU.ActiveCfg = Android|Any CPU
		{23A73885-E7CA-48DC-AA2C-EB088E262BF5}.Android|Any CPU.Build.0 = Android|Any CPU
		{23A73885-E7CA-48DC-AA2C-EB088E262BF5}.Android|Mixed Platforms.ActiveCfg = Android|Any CPU
		{23A73885-E7CA-48DC-AA2C-EB088E262BF5}.Android|Mixed Platforms.Build.0 = Android|Any CPU
		{23A73885-E7CA-48DC-AA2C-EB088E262BF5}.Android|x86.ActiveCfg = Android|Any CPU
		{23A73885-E7CA-48DC-AA2C-EB088E262BF5}.Debug|Any CPU.ActiveCfg = PSM|Any CPU
		{23A73885-E7CA-48DC-AA2C-EB088E262BF5}.Debug|Any CPU.Build.0 = PSM|Any CPU
		{23A73885-E7CA-48DC-AA2C-EB088E262BF5}.Debug|Mixed Platforms.ActiveCfg = PSM|Any CPU
		{23A73885-E7CA-48DC-AA2C-EB088E262BF5}.Debug|Mixed Platforms.Build.0 = PSM|Any CPU
		{23A73885-E7CA-48DC-AA2C-EB088E262BF5}.Debug|x86.ActiveCfg = PSM|Any CPU
		{23A73885-E7CA-48DC-AA2C-EB088E262BF5}.iOS|Any CPU.ActiveCfg = iOS|Any CPU
		{23A73885-E7CA-48DC-AA2C-EB088E262BF5}.iOS|Any CPU.Build.0 = iOS|Any CPU
		{23A73885-E7CA-48DC-AA2C-EB088E262BF5}.iOS|Mixed Platforms.ActiveCfg = iOS|Any CPU
		{23A73885-E7CA-48DC-AA2C-EB088E262BF5}.iOS|Mixed Platforms.Build.0 = iOS|Any CPU
		{23A73885-E7CA-48DC-AA2C-EB088E262BF5}.iOS|x86.ActiveCfg = iOS|Any CPU
		{23A73885-E7CA-48DC-AA2C-EB088E262BF5}.Linux|Any CPU.ActiveCfg = Linux|Any CPU
		{23A73885-E7CA-48DC-AA2C-EB088E262BF5}.Linux|Any CPU.Build.0 = Linux|Any CPU
		{23A73885-E7CA-48DC-AA2C-EB088E262BF5}.Linux|Mixed Platforms.ActiveCfg = Linux|Any CPU
		{23A73885-E7CA-48DC-AA2C-EB088E262BF5}.Linux|Mixed Platforms.Build.0 = Linux|Any CPU
		{23A73885-E7CA-48DC-AA2C-EB088E262BF5}.Linux|x86.ActiveCfg = Linux|Any CPU
		{23A73885-E7CA-48DC-AA2C-EB088E262BF5}.OSX|Any CPU.ActiveCfg = OSX|Any CPU
		{23A73885-E7CA-48DC-AA2C-EB088E262BF5}.OSX|Any CPU.Build.0 = OSX|Any CPU
		{23A73885-E7CA-48DC-AA2C-EB088E262BF5}.OSX|Mixed Platforms.ActiveCfg = OSX|Any CPU
		{23A73885-E7CA-48DC-AA2C-EB088E262BF5}.OSX|Mixed Platforms.Build.0 = OSX|Any CPU
		{23A73885-E7CA-48DC-AA2C-EB088E262BF5}.OSX|x86.ActiveCfg = OSX|Any CPU
		{23A73885-E7CA-48DC-AA2C-EB088E262BF5}.PSM|Any CPU.ActiveCfg = PSM|Any CPU
		{23A73885-E7CA-48DC-AA2C-EB088E262BF5}.PSM|Any CPU.Build.0 = PSM|Any CPU
		{23A73885-E7CA-48DC-AA2C-EB088E262BF5}.PSM|Mixed Platforms.ActiveCfg = PSM|Any CPU
		{23A73885-E7CA-48DC-AA2C-EB088E262BF5}.PSM|Mixed Platforms.Build.0 = PSM|Any CPU
		{23A73885-E7CA-48DC-AA2C-EB088E262BF5}.PSM|x86.ActiveCfg = PSM|Any CPU
		{23A73885-E7CA-48DC-AA2C-EB088E262BF5}.Release|Any CPU.ActiveCfg = PSM|Any CPU
		{23A73885-E7CA-48DC-AA2C-EB088E262BF5}.Release|Any CPU.Build.0 = PSM|Any CPU
		{23A73885-E7CA-48DC-AA2C-EB088E262BF5}.Release|Mixed Platforms.ActiveCfg = PSM|Any CPU
		{23A73885-E7CA-48DC-AA2C-EB088E262BF5}.Release|Mixed Platforms.Build.0 = PSM|Any CPU
		{23A73885-E7CA-48DC-AA2C-EB088E262BF5}.Release|x86.ActiveCfg = PSM|Any CPU
		{23A73885-E7CA-48DC-AA2C-EB088E262BF5}.Windows|Any CPU.ActiveCfg = Windows|Any CPU
		{23A73885-E7CA-48DC-AA2C-EB088E262BF5}.Windows|Any CPU.Build.0 = Windows|Any CPU
		{23A73885-E7CA-48DC-AA2C-EB088E262BF5}.Windows|Mixed Platforms.ActiveCfg = Windows|Any CPU
		{23A73885-E7CA-48DC-AA2C-EB088E262BF5}.Windows|Mixed Platforms.Build.0 = Windows|Any CPU
		{23A73885-E7CA-48DC-AA2C-EB088E262BF5}.Windows|x86.ActiveCfg = Windows|Any CPU
		{23A73885-E7CA-48DC-AA2C-EB088E262BF5}.Windows8|Any CPU.ActiveCfg = Windows8|Any CPU
		{23A73885-E7CA-48DC-AA2C-EB088E262BF5}.Windows8|Any CPU.Build.0 = Windows8|Any CPU
		{23A73885-E7CA-48DC-AA2C-EB088E262BF5}.Windows8|Mixed Platforms.ActiveCfg = Windows8|Any CPU
		{23A73885-E7CA-48DC-AA2C-EB088E262BF5}.Windows8|Mixed Platforms.Build.0 = Windows8|Any CPU
		{23A73885-E7CA-48DC-AA2C-EB088E262BF5}.Windows8|x86.ActiveCfg = Windows8|Any CPU
		{86C65215-A50B-4CD0-8282-3BCAF876BC87}.Android|Any CPU.ActiveCfg = Android|Any CPU
		{86C65215-A50B-4CD0-8282-3BCAF876BC87}.Android|Mixed Platforms.ActiveCfg = Android|Any CPU
		{86C65215-A50B-4CD0-8282-3BCAF876BC87}.Android|x86.ActiveCfg = Android|Any CPU
		{86C65215-A50B-4CD0-8282-3BCAF876BC87}.Debug|Any CPU.ActiveCfg = PSM|Any CPU
		{86C65215-A50B-4CD0-8282-3BCAF876BC87}.Debug|Mixed Platforms.ActiveCfg = PSM|Any CPU
		{86C65215-A50B-4CD0-8282-3BCAF876BC87}.Debug|x86.ActiveCfg = PSM|Any CPU
		{86C65215-A50B-4CD0-8282-3BCAF876BC87}.iOS|Any CPU.ActiveCfg = iOS|Any CPU
		{86C65215-A50B-4CD0-8282-3BCAF876BC87}.iOS|Mixed Platforms.ActiveCfg = iOS|Any CPU
		{86C65215-A50B-4CD0-8282-3BCAF876BC87}.iOS|x86.ActiveCfg = iOS|Any CPU
		{86C65215-A50B-4CD0-8282-3BCAF876BC87}.Linux|Any CPU.ActiveCfg = Linux|Any CPU
		{86C65215-A50B-4CD0-8282-3BCAF876BC87}.Linux|Mixed Platforms.ActiveCfg = Linux|Any CPU
		{86C65215-A50B-4CD0-8282-3BCAF876BC87}.Linux|x86.ActiveCfg = Linux|Any CPU
		{86C65215-A50B-4CD0-8282-3BCAF876BC87}.OSX|Any CPU.ActiveCfg = OSX|Any CPU
		{86C65215-A50B-4CD0-8282-3BCAF876BC87}.OSX|Mixed Platforms.ActiveCfg = OSX|Any CPU
		{86C65215-A50B-4CD0-8282-3BCAF876BC87}.OSX|x86.ActiveCfg = OSX|Any CPU
		{86C65215-A50B-4CD0-8282-3BCAF876BC87}.PSM|Any CPU.ActiveCfg = PSM|Any CPU
		{86C65215-A50B-4CD0-8282-3BCAF876BC87}.PSM|Mixed Platforms.ActiveCfg = PSM|Any CPU
		{86C65215-A50B-4CD0-8282-3BCAF876BC87}.PSM|x86.ActiveCfg = PSM|Any CPU
		{86C65215-A50B-4CD0-8282-3BCAF876BC87}.Release|Any CPU.ActiveCfg = PSM|Any CPU
		{86C65215-A50B-4CD0-8282-3BCAF876BC87}.Release|Mixed Platforms.ActiveCfg = PSM|Any CPU
		{86C65215-A50B-4CD0-8282-3BCAF876BC87}.Release|x86.ActiveCfg = PSM|Any CPU
		{86C65215-A50B-4CD0-8282-3BCAF876BC87}.Windows|Any CPU.ActiveCfg = Windows|Any CPU
		{86C65215-A50B-4CD0-8282-3BCAF876BC87}.Windows|Mixed Platforms.ActiveCfg = Windows|Any CPU
		{86C65215-A50B-4CD0-8282-3BCAF876BC87}.Windows|x86.ActiveCfg = Windows|Any CPU
		{86C65215-A50B-4CD0-8282-3BCAF876BC87}.Windows8|Any CPU.ActiveCfg = Windows8|Any CPU
		{86C65215-A50B-4CD0-8282-3BCAF876BC87}.Windows8|Mixed Platforms.ActiveCfg = Windows8|Any CPU
		{86C65215-A50B-4CD0-8282-3BCAF876BC87}.Windows8|x86.ActiveCfg = Windows8|Any CPU
	EndGlobalSection
	GlobalSection(SolutionProperties) = preSolution
		HideSolutionNode = FALSE
	EndGlobalSection
EndGlobal
